
Microsoft Visual Studio Solution File, Format Version 12.00
# Visual Studio 15
VisualStudioVersion = 15.0.28307.271
MinimumVisualStudioVersion = 10.0.40219.1
Project("{FAE04EC0-301F-11D3-BF4B-00C04F79EFBC}") = "PartyInvites", "PartyInvites\PartyInvites.csproj", "{B6C51CB7-2139-4BE6-AEFE-8609907924A7}"
EndProject
Global
	GlobalSection(SolutionConfigurationPlatforms) = preSolution
		Debug|Any CPU = Debug|Any CPU
		Release|Any CPU = Release|Any CPU
	EndGlobalSection
	GlobalSection(ProjectConfigurationPlatforms) = postSolution
		{B6C51CB7-2139-4BE6-AEFE-8609907924A7}.Debug|Any CPU.ActiveCfg = Debug|Any CPU
		{B6C51CB7-2139-4BE6-AEFE-8609907924A7}.Debug|Any CPU.Build.0 = Debug|Any CPU
		{B6C51CB7-2139-4BE6-AEFE-8609907924A7}.Release|Any CPU.ActiveCfg = Release|Any CPU
		{B6C51CB7-2139-4BE6-AEFE-8609907924A7}.Release|Any CPU.Build.0 = Release|Any CPU
	EndGlobalSection
	GlobalSection(SolutionProperties) = preSolution
		HideSolutionNode = FALSE
	EndGlobalSection
	GlobalSection(ExtensibilityGlobals) = postSolution
		SolutionGuid = {D3DCFC12-C4BF-49A3-82F1-5CC02A789E45}
	EndGlobalSection
EndGlobal
